{
  "originHash" : "377127afff969b14da3fd11c23fa0db40daed07a2fabaac6b3ddc0c6d6f85cb1",
  "pins" : [
    {
      "identity" : "grocerydtos",
      "kind" : "remoteSourceControl",
      "location" : "https://github.com/WJCN/GroceryDTOs.git",
      "state" : {
        "branch" : "main",
        "revision" : "39277d1d261c3b20c83d65dbdbf6ddd31cbf81e9"
      }
    },
    {
      "identity" : "networkingextensions",
      "kind" : "remoteSourceControl",
      "location" : "https://github.com/WJCN/NetworkingExtensions.git",
      "state" : {
        "branch" : "main",
        "revision" : "dd01d074575f2fac90d0c25116afe318172b14ed"
      }
    }
  ],
  "version" : 3
}
