{
  "originHash" : "1a4ecda70fe65fd6d81cf46240aba4030644c6e1f8614b06ebf8d28bfacb4df9",
  "pins" : [
    {
      "identity" : "grocerydtos",
      "kind" : "remoteSourceControl",
      "location" : "https://github.com/WJCN/GroceryDTOs.git",
      "state" : {
        "branch" : "main",
        "revision" : "39277d1d261c3b20c83d65dbdbf6ddd31cbf81e9"
      }
    }
  ],
  "version" : 3
}
